
Microsoft Visual Studio Solution File, Format Version 12.00
# Visual Studio Version 17
VisualStudioVersion = 17.6.33829.357
MinimumVisualStudioVersion = 10.0.40219.1
Project("{888888A0-9F3D-457C-B088-3A5042F75D52}") = "CalculatePrivateExponent", "CalculatePrivateExponent\CalculatePrivateExponent.pyproj", "{0DA2D443-C631-4A8D-8DB3-337C07B34DD4}"
EndProject
Global
	GlobalSection(SolutionConfigurationPlatforms) = preSolution
		Debug|Any CPU = Debug|Any CPU
		Release|Any CPU = Release|Any CPU
	EndGlobalSection
	GlobalSection(ProjectConfigurationPlatforms) = postSolution
		{0DA2D443-C631-4A8D-8DB3-337C07B34DD4}.Debug|Any CPU.ActiveCfg = Debug|Any CPU
		{0DA2D443-C631-4A8D-8DB3-337C07B34DD4}.Release|Any CPU.ActiveCfg = Release|Any CPU
	EndGlobalSection
	GlobalSection(SolutionProperties) = preSolution
		HideSolutionNode = FALSE
	EndGlobalSection
	GlobalSection(ExtensibilityGlobals) = postSolution
		SolutionGuid = {80B88612-2336-4FA1-B149-F3ADE035F00C}
	EndGlobalSection
EndGlobal
